PODS:
  - app_links (0.0.2):
    - Flutter
  - Flutter (1.0.0)

DEPENDENCIES:
  - app_links (from `.symlinks/plugins/app_links/ios`)
  - Flutter (from `Flutter`)

EXTERNAL SOURCES:
  app_links:
    :path: ".symlinks/plugins/app_links/ios"
  Flutter:
    :path: Flutter

SPEC CHECKSUMS:
  app_links: f3e17e4ee5e357b39d8b95290a9b2c299fca71c6
  Flutter: cabc95a1d2626b1b06e7179b784ebcf0c0cde467

PODFILE CHECKSUM: f3734cf2c64ab93db34ebd0461528389a119c1e8

COCOAPODS: 1.16.2
